
Microsoft Visual Studio Solution File, Format Version 12.00
# Visual Studio Version 17
VisualStudioVersion = 17.8.34330.188
MinimumVisualStudioVersion = 10.0.40219.1
Project("{FAE04EC0-301F-11D3-BF4B-00C04F79EFBC}") = "Web-DAW-Opus.UI", "Web-DAW-Opus.UI\Web-DAW-Opus.UI.csproj", "{B814DEEE-8D52-4216-982D-301F22CC29AE}"
EndProject
Global
	GlobalSection(SolutionConfigurationPlatforms) = preSolution
		Debug|Any CPU = Debug|Any CPU
		Release|Any CPU = Release|Any CPU
	EndGlobalSection
	GlobalSection(ProjectConfigurationPlatforms) = postSolution
		{B814DEEE-8D52-4216-982D-301F22CC29AE}.Debug|Any CPU.ActiveCfg = Debug|Any CPU
		{B814DEEE-8D52-4216-982D-301F22CC29AE}.Debug|Any CPU.Build.0 = Debug|Any CPU
		{B814DEEE-8D52-4216-982D-301F22CC29AE}.Release|Any CPU.ActiveCfg = Release|Any CPU
		{B814DEEE-8D52-4216-982D-301F22CC29AE}.Release|Any CPU.Build.0 = Release|Any CPU
	EndGlobalSection
	GlobalSection(SolutionProperties) = preSolution
		HideSolutionNode = FALSE
	EndGlobalSection
	GlobalSection(ExtensibilityGlobals) = postSolution
		SolutionGuid = {2214A43F-2EE5-42A7-A1EF-0BD231AC7AFE}
	EndGlobalSection
EndGlobal
